
Microsoft Visual Studio Solution File, Format Version 12.00
# Visual Studio 15
VisualStudioVersion = 15.0.26430.12
MinimumVisualStudioVersion = 10.0.40219.1
Project("{2150E333-8FDC-42A3-9474-1A3956D46DE8}") = "1 - WebShop.Web", "1 - WebShop.Web", "{D5A472E4-A200-4446-A59F-EB6D89CC4D72}"
EndProject
Project("{2150E333-8FDC-42A3-9474-1A3956D46DE8}") = "3 - WebShop.Business", "3 - WebShop.Business", "{A2112C4A-4644-40A0-96F3-137D78C131D5}"
EndProject
Project("{2150E333-8FDC-42A3-9474-1A3956D46DE8}") = "4 - WebShop.Transversal", "4 - WebShop.Transversal", "{133CE79D-2951-4AE8-9F9D-E6D7AF8CF329}"
EndProject
Project("{2150E333-8FDC-42A3-9474-1A3956D46DE8}") = "5 - WebShop.Persistence", "5 - WebShop.Persistence", "{F61A2578-A948-4ADC-AD6E-8D89A273E33E}"
EndProject
Project("{FAE04EC0-301F-11D3-BF4B-00C04F79EFBC}") = "Persistence.Data", "Persistence.Data\Persistence.Data.csproj", "{36555BA2-A1FF-4BB4-B179-0EB455F2A8E2}"
EndProject
Project("{FAE04EC0-301F-11D3-BF4B-00C04F79EFBC}") = "Business.Module", "Business.Module\Business.Module.csproj", "{DC16B054-70E1-47C2-9E0E-F6D3D49FA5FB}"
EndProject
Project("{FAE04EC0-301F-11D3-BF4B-00C04F79EFBC}") = "Transversal.Module", "Transversal.Module\Transversal.Module.csproj", "{5BEEA157-ADC6-4D42-AA9A-667B15F89582}"
EndProject
Project("{FAE04EC0-301F-11D3-BF4B-00C04F79EFBC}") = "WebShopSite", "WebShopSite\WebShopSite.csproj", "{128A0F17-48C0-48B8-83F1-08CE8DC0312A}"
EndProject
Project("{2150E333-8FDC-42A3-9474-1A3956D46DE8}") = "2 - WebShop.Application", "2 - WebShop.Application", "{BFE30276-FB12-4D26-9C8A-B49728A86656}"
EndProject
Project("{FAE04EC0-301F-11D3-BF4B-00C04F79EFBC}") = "Application", "Application\Application.csproj", "{DE478B10-42B1-4243-B615-85547C40CDB3}"
EndProject
Global
	GlobalSection(SolutionConfigurationPlatforms) = preSolution
		Debug|Any CPU = Debug|Any CPU
		Release|Any CPU = Release|Any CPU
	EndGlobalSection
	GlobalSection(ProjectConfigurationPlatforms) = postSolution
		{36555BA2-A1FF-4BB4-B179-0EB455F2A8E2}.Debug|Any CPU.ActiveCfg = Debug|Any CPU
		{36555BA2-A1FF-4BB4-B179-0EB455F2A8E2}.Debug|Any CPU.Build.0 = Debug|Any CPU
		{36555BA2-A1FF-4BB4-B179-0EB455F2A8E2}.Release|Any CPU.ActiveCfg = Release|Any CPU
		{36555BA2-A1FF-4BB4-B179-0EB455F2A8E2}.Release|Any CPU.Build.0 = Release|Any CPU
		{DC16B054-70E1-47C2-9E0E-F6D3D49FA5FB}.Debug|Any CPU.ActiveCfg = Debug|Any CPU
		{DC16B054-70E1-47C2-9E0E-F6D3D49FA5FB}.Debug|Any CPU.Build.0 = Debug|Any CPU
		{DC16B054-70E1-47C2-9E0E-F6D3D49FA5FB}.Release|Any CPU.ActiveCfg = Release|Any CPU
		{DC16B054-70E1-47C2-9E0E-F6D3D49FA5FB}.Release|Any CPU.Build.0 = Release|Any CPU
		{5BEEA157-ADC6-4D42-AA9A-667B15F89582}.Debug|Any CPU.ActiveCfg = Debug|Any CPU
		{5BEEA157-ADC6-4D42-AA9A-667B15F89582}.Debug|Any CPU.Build.0 = Debug|Any CPU
		{5BEEA157-ADC6-4D42-AA9A-667B15F89582}.Release|Any CPU.ActiveCfg = Release|Any CPU
		{5BEEA157-ADC6-4D42-AA9A-667B15F89582}.Release|Any CPU.Build.0 = Release|Any CPU
		{128A0F17-48C0-48B8-83F1-08CE8DC0312A}.Debug|Any CPU.ActiveCfg = Debug|Any CPU
		{128A0F17-48C0-48B8-83F1-08CE8DC0312A}.Debug|Any CPU.Build.0 = Debug|Any CPU
		{128A0F17-48C0-48B8-83F1-08CE8DC0312A}.Release|Any CPU.ActiveCfg = Release|Any CPU
		{128A0F17-48C0-48B8-83F1-08CE8DC0312A}.Release|Any CPU.Build.0 = Release|Any CPU
		{DE478B10-42B1-4243-B615-85547C40CDB3}.Debug|Any CPU.ActiveCfg = Debug|Any CPU
		{DE478B10-42B1-4243-B615-85547C40CDB3}.Debug|Any CPU.Build.0 = Debug|Any CPU
		{DE478B10-42B1-4243-B615-85547C40CDB3}.Release|Any CPU.ActiveCfg = Release|Any CPU
		{DE478B10-42B1-4243-B615-85547C40CDB3}.Release|Any CPU.Build.0 = Release|Any CPU
	EndGlobalSection
	GlobalSection(SolutionProperties) = preSolution
		HideSolutionNode = FALSE
	EndGlobalSection
	GlobalSection(NestedProjects) = preSolution
		{36555BA2-A1FF-4BB4-B179-0EB455F2A8E2} = {F61A2578-A948-4ADC-AD6E-8D89A273E33E}
		{DC16B054-70E1-47C2-9E0E-F6D3D49FA5FB} = {A2112C4A-4644-40A0-96F3-137D78C131D5}
		{5BEEA157-ADC6-4D42-AA9A-667B15F89582} = {133CE79D-2951-4AE8-9F9D-E6D7AF8CF329}
		{128A0F17-48C0-48B8-83F1-08CE8DC0312A} = {D5A472E4-A200-4446-A59F-EB6D89CC4D72}
		{DE478B10-42B1-4243-B615-85547C40CDB3} = {BFE30276-FB12-4D26-9C8A-B49728A86656}
	EndGlobalSection
EndGlobal
